
Microsoft Visual Studio Solution File, Format Version 12.00
# Visual Studio Version 17
VisualStudioVersion = 17.6.33723.286
MinimumVisualStudioVersion = 10.0.40219.1
Project("{8BC9CEB8-8B4A-11D0-8D11-00A0C91BC942}") = "Homework_08_1", "Homework_08_1.vcxproj", "{6121E8E1-00E7-4754-AB9E-64D78321C8F5}"
EndProject
Global
	GlobalSection(SolutionConfigurationPlatforms) = preSolution
		Debug|x64 = Debug|x64
		Debug|x86 = Debug|x86
		Release|x64 = Release|x64
		Release|x86 = Release|x86
	EndGlobalSection
	GlobalSection(ProjectConfigurationPlatforms) = postSolution
		{6121E8E1-00E7-4754-AB9E-64D78321C8F5}.Debug|x64.ActiveCfg = Debug|x64
		{6121E8E1-00E7-4754-AB9E-64D78321C8F5}.Debug|x64.Build.0 = Debug|x64
		{6121E8E1-00E7-4754-AB9E-64D78321C8F5}.Debug|x86.ActiveCfg = Debug|Win32
		{6121E8E1-00E7-4754-AB9E-64D78321C8F5}.Debug|x86.Build.0 = Debug|Win32
		{6121E8E1-00E7-4754-AB9E-64D78321C8F5}.Release|x64.ActiveCfg = Release|x64
		{6121E8E1-00E7-4754-AB9E-64D78321C8F5}.Release|x64.Build.0 = Release|x64
		{6121E8E1-00E7-4754-AB9E-64D78321C8F5}.Release|x86.ActiveCfg = Release|Win32
		{6121E8E1-00E7-4754-AB9E-64D78321C8F5}.Release|x86.Build.0 = Release|Win32
	EndGlobalSection
	GlobalSection(SolutionProperties) = preSolution
		HideSolutionNode = FALSE
	EndGlobalSection
	GlobalSection(ExtensibilityGlobals) = postSolution
		SolutionGuid = {D4B7C298-C5ED-4247-99C7-D801E7973B81}
	EndGlobalSection
EndGlobal
